// !$*UTF8*$!
{
	archiveVersion = 1;
	classes = {
	};
	objectVersion = 46;
	objects = {

/* Begin PBXBuildFile section */
		2E2C27F11D64237900C6A1E3 /* BlackBox.swift in Sources */ = {isa = PBXBuildFile; fileRef = 2E2C27F01D64237900C6A1E3 /* BlackBox.swift */; };
		2E2C27F31D6423A800C6A1E3 /* Convenience.swift in Sources */ = {isa = PBXBuildFile; fileRef = 2E2C27F21D6423A800C6A1E3 /* Convenience.swift */; };
		2E2C27F51D6423B200C6A1E3 /* Client.swift in Sources */ = {isa = PBXBuildFile; fileRef = 2E2C27F41D6423B200C6A1E3 /* Client.swift */; };
		2E2C27F71D6424BE00C6A1E3 /* Constants.swift in Sources */ = {isa = PBXBuildFile; fileRef = 2E2C27F61D6424BE00C6A1E3 /* Constants.swift */; };
		2E2C27F91D644D7700C6A1E3 /* SearchResultsObject.swift in Sources */ = {isa = PBXBuildFile; fileRef = 2E2C27F81D644D7700C6A1E3 /* SearchResultsObject.swift */; };
		2E2C27FD1D6C38D700C6A1E3 /* DetailViewController.swift in Sources */ = {isa = PBXBuildFile; fileRef = 2E2C27FC1D6C38D700C6A1E3 /* DetailViewController.swift */; };
		2E2CFBDB1D51D62C00520726 /* AppDelegate.swift in Sources */ = {isa = PBXBuildFile; fileRef = 2E2CFBDA1D51D62C00520726 /* AppDelegate.swift */; };
		2E2CFBDD1D51D62C00520726 /* ViewController.swift in Sources */ = {isa = PBXBuildFile; fileRef = 2E2CFBDC1D51D62C00520726 /* ViewController.swift */; };
		2E2CFBE01D51D62C00520726 /* Main.storyboard in Resources */ = {isa = PBXBuildFile; fileRef = 2E2CFBDE1D51D62C00520726 /* Main.storyboard */; };
		2E2CFBE31D51D62C00520726 /* itunes_lookup.xcdatamodeld in Sources */ = {isa = PBXBuildFile; fileRef = 2E2CFBE11D51D62C00520726 /* itunes_lookup.xcdatamodeld */; };
		2E2CFBE51D51D62C00520726 /* Assets.xcassets in Resources */ = {isa = PBXBuildFile; fileRef = 2E2CFBE41D51D62C00520726 /* Assets.xcassets */; };
		2E2CFBE81D51D62C00520726 /* LaunchScreen.storyboard in Resources */ = {isa = PBXBuildFile; fileRef = 2E2CFBE61D51D62C00520726 /* LaunchScreen.storyboard */; };
		2E2CFBF31D51D62C00520726 /* itunes_lookupTests.swift in Sources */ = {isa = PBXBuildFile; fileRef = 2E2CFBF21D51D62C00520726 /* itunes_lookupTests.swift */; };
		2E2CFBFE1D51D62C00520726 /* itunes_lookupUITests.swift in Sources */ = {isa = PBXBuildFile; fileRef = 2E2CFBFD1D51D62C00520726 /* itunes_lookupUITests.swift */; };
/* End PBXBuildFile section */

/* Begin PBXContainerItemProxy section */
		2E2CFBEF1D51D62C00520726 /* PBXContainerItemProxy */ = {
			isa = PBXContainerItemProxy;
			containerPortal = 2E2CFBCF1D51D62C00520726 /* Project object */;
			proxyType = 1;
			remoteGlobalIDString = 2E2CFBD61D51D62C00520726;
			remoteInfo = itunes_lookup;
		};
		2E2CFBFA1D51D62C00520726 /* PBXContainerItemProxy */ = {
			isa = PBXContainerItemProxy;
			containerPortal = 2E2CFBCF1D51D62C00520726 /* Project object */;
			proxyType = 1;
			remoteGlobalIDString = 2E2CFBD61D51D62C00520726;
			remoteInfo = itunes_lookup;
		};
/* End PBXContainerItemProxy section */

/* Begin PBXFileReference section */
		2E2C27F01D64237900C6A1E3 /* BlackBox.swift */ = {isa = PBXFileReference; fileEncoding = 4; lastKnownFileType = sourcecode.swift; path = BlackBox.swift; sourceTree = "<group>"; };
		2E2C27F21D6423A800C6A1E3 /* Convenience.swift */ = {isa = PBXFileReference; fileEncoding = 4; lastKnownFileType = sourcecode.swift; path = Convenience.swift; sourceTree = "<group>"; };
		2E2C27F41D6423B200C6A1E3 /* Client.swift */ = {isa = PBXFileReference; fileEncoding = 4; lastKnownFileType = sourcecode.swift; path = Client.swift; sourceTree = "<group>"; };
		2E2C27F61D6424BE00C6A1E3 /* Constants.swift */ = {isa = PBXFileReference; fileEncoding = 4; lastKnownFileType = sourcecode.swift; path = Constants.swift; sourceTree = "<group>"; };
		2E2C27F81D644D7700C6A1E3 /* SearchResultsObject.swift */ = {isa = PBXFileReference; fileEncoding = 4; lastKnownFileType = sourcecode.swift; path = SearchResultsObject.swift; sourceTree = "<group>"; };
		2E2C27FC1D6C38D700C6A1E3 /* DetailViewController.swift */ = {isa = PBXFileReference; fileEncoding = 4; lastKnownFileType = sourcecode.swift; name = DetailViewController.swift; path = ../DetailViewController.swift; sourceTree = "<group>"; };
		2E2CFBD71D51D62C00520726 /* itunes_lookup.app */ = {isa = PBXFileReference; explicitFileType = wrapper.application; includeInIndex = 0; path = itunes_lookup.app; sourceTree = BUILT_PRODUCTS_DIR; };
		2E2CFBDA1D51D62C00520726 /* AppDelegate.swift */ = {isa = PBXFileReference; lastKnownFileType = sourcecode.swift; path = AppDelegate.swift; sourceTree = "<group>"; };
		2E2CFBDC1D51D62C00520726 /* ViewController.swift */ = {isa = PBXFileReference; lastKnownFileType = sourcecode.swift; path = ViewController.swift; sourceTree = "<group>"; };
		2E2CFBDF1D51D62C00520726 /* Base */ = {isa = PBXFileReference; lastKnownFileType = file.storyboard; name = Base; path = Base.lproj/Main.storyboard; sourceTree = "<group>"; };
		2E2CFBE21D51D62C00520726 /* itunes_lookup.xcdatamodel */ = {isa = PBXFileReference; lastKnownFileType = wrapper.xcdatamodel; path = itunes_lookup.xcdatamodel; sourceTree = "<group>"; };
		2E2CFBE41D51D62C00520726 /* Assets.xcassets */ = {isa = PBXFileReference; lastKnownFileType = folder.assetcatalog; path = Assets.xcassets; sourceTree = "<group>"; };
		2E2CFBE71D51D62C00520726 /* Base */ = {isa = PBXFileReference; lastKnownFileType = file.storyboard; name = Base; path = Base.lproj/LaunchScreen.storyboard; sourceTree = "<group>"; };
		2E2CFBE91D51D62C00520726 /* Info.plist */ = {isa = PBXFileReference; lastKnownFileType = text.plist.xml; path = Info.plist; sourceTree = "<group>"; };
		2E2CFBEE1D51D62C00520726 /* itunes_lookupTests.xctest */ = {isa = PBXFileReference; explicitFileType = wrapper.cfbundle; includeInIndex = 0; path = itunes_lookupTests.xctest; sourceTree = BUILT_PRODUCTS_DIR; };
		2E2CFBF21D51D62C00520726 /* itunes_lookupTests.swift */ = {isa = PBXFileReference; lastKnownFileType = sourcecode.swift; path = itunes_lookupTests.swift; sourceTree = "<group>"; };
		2E2CFBF41D51D62C00520726 /* Info.plist */ = {isa = PBXFileReference; lastKnownFileType = text.plist.xml; path = Info.plist; sourceTree = "<group>"; };
		2E2CFBF91D51D62C00520726 /* itunes_lookupUITests.xctest */ = {isa = PBXFileReference; explicitFileType = wrapper.cfbundle; includeInIndex = 0; path = itunes_lookupUITests.xctest; sourceTree = BUILT_PRODUCTS_DIR; };
		2E2CFBFD1D51D62C00520726 /* itunes_lookupUITests.swift */ = {isa = PBXFileReference; lastKnownFileType = sourcecode.swift; path = itunes_lookupUITests.swift; sourceTree = "<group>"; };
		2E2CFBFF1D51D62C00520726 /* Info.plist */ = {isa = PBXFileReference; lastKnownFileType = text.plist.xml; path = Info.plist; sourceTree = "<group>"; };
/* End PBXFileReference section */

/* Begin PBXFrameworksBuildPhase section */
		2E2CFBD41D51D62C00520726 /* Frameworks */ = {
			isa = PBXFrameworksBuildPhase;
			buildActionMask = 2147483647;
			files = (
			);
			runOnlyForDeploymentPostprocessing = 0;
		};
		2E2CFBEB1D51D62C00520726 /* Frameworks */ = {
			isa = PBXFrameworksBuildPhase;
			buildActionMask = 2147483647;
			files = (
			);
			runOnlyForDeploymentPostprocessing = 0;
		};
		2E2CFBF61D51D62C00520726 /* Frameworks */ = {
			isa = PBXFrameworksBuildPhase;
			buildActionMask = 2147483647;
			files = (
			);
			runOnlyForDeploymentPostprocessing = 0;
		};
/* End PBXFrameworksBuildPhase section */

/* Begin PBXGroup section */
		2E2CFBCE1D51D62C00520726 = {
			isa = PBXGroup;
			children = (
				2E2CFBD91D51D62C00520726 /* itunes_lookup */,
				2E2CFBF11D51D62C00520726 /* itunes_lookupTests */,
				2E2CFBFC1D51D62C00520726 /* itunes_lookupUITests */,
				2E2CFBD81D51D62C00520726 /* Products */,
			);
			sourceTree = "<group>";
		};
		2E2CFBD81D51D62C00520726 /* Products */ = {
			isa = PBXGroup;
			children = (
				2E2CFBD71D51D62C00520726 /* itunes_lookup.app */,
				2E2CFBEE1D51D62C00520726 /* itunes_lookupTests.xctest */,
				2E2CFBF91D51D62C00520726 /* itunes_lookupUITests.xctest */,
			);
			name = Products;
			sourceTree = "<group>";
		};
		2E2CFBD91D51D62C00520726 /* itunes_lookup */ = {
			isa = PBXGroup;
			children = (
				2E2CFBDA1D51D62C00520726 /* AppDelegate.swift */,
				2E2C27F81D644D7700C6A1E3 /* SearchResultsObject.swift */,
				2E2C27F61D6424BE00C6A1E3 /* Constants.swift */,
				2E2C27F01D64237900C6A1E3 /* BlackBox.swift */,
				2E2C27F41D6423B200C6A1E3 /* Client.swift */,
				2E2C27F21D6423A800C6A1E3 /* Convenience.swift */,
				2E2CFBDC1D51D62C00520726 /* ViewController.swift */,
				2E2C27FC1D6C38D700C6A1E3 /* DetailViewController.swift */,
				2E2CFBDE1D51D62C00520726 /* Main.storyboard */,
				2E2CFBE41D51D62C00520726 /* Assets.xcassets */,
				2E2CFBE61D51D62C00520726 /* LaunchScreen.storyboard */,
				2E2CFBE91D51D62C00520726 /* Info.plist */,
				2E2CFBE11D51D62C00520726 /* itunes_lookup.xcdatamodeld */,
			);
			path = itunes_lookup;
			sourceTree = "<group>";
		};
		2E2CFBF11D51D62C00520726 /* itunes_lookupTests */ = {
			isa = PBXGroup;
			children = (
				2E2CFBF21D51D62C00520726 /* itunes_lookupTests.swift */,
				2E2CFBF41D51D62C00520726 /* Info.plist */,
			);
			path = itunes_lookupTests;
			sourceTree = "<group>";
		};
		2E2CFBFC1D51D62C00520726 /* itunes_lookupUITests */ = {
			isa = PBXGroup;
			children = (
				2E2CFBFD1D51D62C00520726 /* itunes_lookupUITests.swift */,
				2E2CFBFF1D51D62C00520726 /* Info.plist */,
			);
			path = itunes_lookupUITests;
			sourceTree = "<group>";
		};
/* End PBXGroup section */

/* Begin PBXNativeTarget section */
		2E2CFBD61D51D62C00520726 /* itunes_lookup */ = {
			isa = PBXNativeTarget;
			buildConfigurationList = 2E2CFC021D51D62D00520726 /* Build configuration list for PBXNativeTarget "itunes_lookup" */;
			buildPhases = (
				2E2CFBD31D51D62C00520726 /* Sources */,
				2E2CFBD41D51D62C00520726 /* Frameworks */,
				2E2CFBD51D51D62C00520726 /* Resources */,
			);
			buildRules = (
			);
			dependencies = (
			);
			name = itunes_lookup;
			productName = itunes_lookup;
			productReference = 2E2CFBD71D51D62C00520726 /* itunes_lookup.app */;
			productType = "com.apple.product-type.application";
		};
		2E2CFBED1D51D62C00520726 /* itunes_lookupTests */ = {
			isa = PBXNativeTarget;
			buildConfigurationList = 2E2CFC051D51D62D00520726 /* Build configuration list for PBXNativeTarget "itunes_lookupTests" */;
			buildPhases = (
				2E2CFBEA1D51D62C00520726 /* Sources */,
				2E2CFBEB1D51D62C00520726 /* Frameworks */,
				2E2CFBEC1D51D62C00520726 /* Resources */,
			);
			buildRules = (
			);
			dependencies = (
				2E2CFBF01D51D62C00520726 /* PBXTargetDependency */,
			);
			name = itunes_lookupTests;
			productName = itunes_lookupTests;
			productReference = 2E2CFBEE1D51D62C00520726 /* itunes_lookupTests.xctest */;
			productType = "com.apple.product-type.bundle.unit-test";
		};
		2E2CFBF81D51D62C00520726 /* itunes_lookupUITests */ = {
			isa = PBXNativeTarget;
			buildConfigurationList = 2E2CFC081D51D62D00520726 /* Build configuration list for PBXNativeTarget "itunes_lookupUITests" */;
			buildPhases = (
				2E2CFBF51D51D62C00520726 /* Sources */,
				2E2CFBF61D51D62C00520726 /* Frameworks */,
				2E2CFBF71D51D62C00520726 /* Resources */,
			);
			buildRules = (
			);
			dependencies = (
				2E2CFBFB1D51D62C00520726 /* PBXTargetDependency */,
			);
			name = itunes_lookupUITests;
			productName = itunes_lookupUITests;
			productReference = 2E2CFBF91D51D62C00520726 /* itunes_lookupUITests.xctest */;
			productType = "com.apple.product-type.bundle.ui-testing";
		};
/* End PBXNativeTarget section */

/* Begin PBXProject section */
		2E2CFBCF1D51D62C00520726 /* Project object */ = {
			isa = PBXProject;
			attributes = {
				LastSwiftUpdateCheck = 0730;
				LastUpgradeCheck = 0730;
				ORGANIZATIONNAME = "Michael Nienaber";
				TargetAttributes = {
					2E2CFBD61D51D62C00520726 = {
						CreatedOnToolsVersion = 7.3.1;
					};
					2E2CFBED1D51D62C00520726 = {
						CreatedOnToolsVersion = 7.3.1;
						TestTargetID = 2E2CFBD61D51D62C00520726;
					};
					2E2CFBF81D51D62C00520726 = {
						CreatedOnToolsVersion = 7.3.1;
						TestTargetID = 2E2CFBD61D51D62C00520726;
					};
				};
			};
			buildConfigurationList = 2E2CFBD21D51D62C00520726 /* Build configuration list for PBXProject "itunes_lookup" */;
			compatibilityVersion = "Xcode 3.2";
			developmentRegion = English;
			hasScannedForEncodings = 0;
			knownRegions = (
				en,
				Base,
			);
			mainGroup = 2E2CFBCE1D51D62C00520726;
			productRefGroup = 2E2CFBD81D51D62C00520726 /* Products */;
			projectDirPath = "";
			projectRoot = "";
			targets = (
				2E2CFBD61D51D62C00520726 /* itunes_lookup */,
				2E2CFBED1D51D62C00520726 /* itunes_lookupTests */,
				2E2CFBF81D51D62C00520726 /* itunes_lookupUITests */,
			);
		};
/* End PBXProject section */

/* Begin PBXResourcesBuildPhase section */
		2E2CFBD51D51D62C00520726 /* Resources */ = {
			isa = PBXResourcesBuildPhase;
			buildActionMask = 2147483647;
			files = (
				2E2CFBE81D51D62C00520726 /* LaunchScreen.storyboard in Resources */,
				2E2CFBE51D51D62C00520726 /* Assets.xcassets in Resources */,
				2E2CFBE01D51D62C00520726 /* Main.storyboard in Resources */,
			);
			runOnlyForDeploymentPostprocessing = 0;
		};
		2E2CFBEC1D51D62C00520726 /* Resources */ = {
			isa = PBXResourcesBuildPhase;
			buildActionMask = 2147483647;
			files = (
			);
			runOnlyForDeploymentPostprocessing = 0;
		};
		2E2CFBF71D51D62C00520726 /* Resources */ = {
			isa = PBXResourcesBuildPhase;
			buildActionMask = 2147483647;
			files = (
			);
			runOnlyForDeploymentPostprocessing = 0;
		};
/* End PBXResourcesBuildPhase section */

/* Begin PBXSourcesBuildPhase section */
		2E2CFBD31D51D62C00520726 /* Sources */ = {
			isa = PBXSourcesBuildPhase;
			buildActionMask = 2147483647;
			files = (
				2E2C27FD1D6C38D700C6A1E3 /* DetailViewController.swift in Sources */,
				2E2CFBDD1D51D62C00520726 /* ViewController.swift in Sources */,
				2E2C27F31D6423A800C6A1E3 /* Convenience.swift in Sources */,
				2E2C27F51D6423B200C6A1E3 /* Client.swift in Sources */,
				2E2C27F91D644D7700C6A1E3 /* SearchResultsObject.swift in Sources */,
				2E2CFBE31D51D62C00520726 /* itunes_lookup.xcdatamodeld in Sources */,
				2E2C27F71D6424BE00C6A1E3 /* Constants.swift in Sources */,
				2E2CFBDB1D51D62C00520726 /* AppDelegate.swift in Sources */,
				2E2C27F11D64237900C6A1E3 /* BlackBox.swift in Sources */,
			);
			runOnlyForDeploymentPostprocessing = 0;
		};
		2E2CFBEA1D51D62C00520726 /* Sources */ = {
			isa = PBXSourcesBuildPhase;
			buildActionMask = 2147483647;
			files = (
				2E2CFBF31D51D62C00520726 /* itunes_lookupTests.swift in Sources */,
			);
			runOnlyForDeploymentPostprocessing = 0;
		};
		2E2CFBF51D51D62C00520726 /* Sources */ = {
			isa = PBXSourcesBuildPhase;
			buildActionMask = 2147483647;
			files = (
				2E2CFBFE1D51D62C00520726 /* itunes_lookupUITests.swift in Sources */,
			);
			runOnlyForDeploymentPostprocessing = 0;
		};
/* End PBXSourcesBuildPhase section */

/* Begin PBXTargetDependency section */
		2E2CFBF01D51D62C00520726 /* PBXTargetDependency */ = {
			isa = PBXTargetDependency;
			target = 2E2CFBD61D51D62C00520726 /* itunes_lookup */;
			targetProxy = 2E2CFBEF1D51D62C00520726 /* PBXContainerItemProxy */;
		};
		2E2CFBFB1D51D62C00520726 /* PBXTargetDependency */ = {
			isa = PBXTargetDependency;
			target = 2E2CFBD61D51D62C00520726 /* itunes_lookup */;
			targetProxy = 2E2CFBFA1D51D62C00520726 /* PBXContainerItemProxy */;
		};
/* End PBXTargetDependency section */

/* Begin PBXVariantGroup section */
		2E2CFBDE1D51D62C00520726 /* Main.storyboard */ = {
			isa = PBXVariantGroup;
			children = (
				2E2CFBDF1D51D62C00520726 /* Base */,
			);
			name = Main.storyboard;
			sourceTree = "<group>";
		};
		2E2CFBE61D51D62C00520726 /* LaunchScreen.storyboard */ = {
			isa = PBXVariantGroup;
			children = (
				2E2CFBE71D51D62C00520726 /* Base */,
			);
			name = LaunchScreen.storyboard;
			sourceTree = "<group>";
		};
/* End PBXVariantGroup section */

/* Begin XCBuildConfiguration section */
		2E2CFC001D51D62D00520726 /* Debug */ = {
			isa = XCBuildConfiguration;
			buildSettings = {
				ALWAYS_SEARCH_USER_PATHS = NO;
				CLANG_ANALYZER_NONNULL = YES;
				CLANG_CXX_LANGUAGE_STANDARD = "gnu++0x";
				CLANG_CXX_LIBRARY = "libc++";
				CLANG_ENABLE_MODULES = YES;
				CLANG_ENABLE_OBJC_ARC = YES;
				CLANG_WARN_BOOL_CONVERSION = YES;
				CLANG_WARN_CONSTANT_CONVERSION = YES;
				CLANG_WARN_DIRECT_OBJC_ISA_USAGE = YES_ERROR;
				CLANG_WARN_EMPTY_BODY = YES;
				CLANG_WARN_ENUM_CONVERSION = YES;
				CLANG_WARN_INT_CONVERSION = YES;
				CLANG_WARN_OBJC_ROOT_CLASS = YES_ERROR;
				CLANG_WARN_UNREACHABLE_CODE = YES;
				CLANG_WARN__DUPLICATE_METHOD_MATCH = YES;
				"CODE_SIGN_IDENTITY[sdk=iphoneos*]" = "iPhone Developer";
				COPY_PHASE_STRIP = NO;
				DEBUG_INFORMATION_FORMAT = dwarf;
				ENABLE_STRICT_OBJC_MSGSEND = YES;
				ENABLE_TESTABILITY = YES;
				GCC_C_LANGUAGE_STANDARD = gnu99;
				GCC_DYNAMIC_NO_PIC = NO;
				GCC_NO_COMMON_BLOCKS = YES;
				GCC_OPTIMIZATION_LEVEL = 0;
				GCC_PREPROCESSOR_DEFINITIONS = (
					"DEBUG=1",
					"$(inherited)",
				);
				GCC_WARN_64_TO_32_BIT_CONVERSION = YES;
				GCC_WARN_ABOUT_RETURN_TYPE = YES_ERROR;
				GCC_WARN_UNDECLARED_SELECTOR = YES;
				GCC_WARN_UNINITIALIZED_AUTOS = YES_AGGRESSIVE;
				GCC_WARN_UNUSED_FUNCTION = YES;
				GCC_WARN_UNUSED_VARIABLE = YES;
				IPHONEOS_DEPLOYMENT_TARGET = 9.3;
				MTL_ENABLE_DEBUG_INFO = YES;
				ONLY_ACTIVE_ARCH = YES;
				SDKROOT = iphoneos;
				SWIFT_OPTIMIZATION_LEVEL = "-Onone";
				TARGETED_DEVICE_FAMILY = "1,2";
			};
			name = Debug;
		};
		2E2CFC011D51D62D00520726 /* Release */ = {
			isa = XCBuildConfiguration;
			buildSettings = {
				ALWAYS_SEARCH_USER_PATHS = NO;
				CLANG_ANALYZER_NONNULL = YES;
				CLANG_CXX_LANGUAGE_STANDARD = "gnu++0x";
				CLANG_CXX_LIBRARY = "libc++";
				CLANG_ENABLE_MODULES = YES;
				CLANG_ENABLE_OBJC_ARC = YES;
				CLANG_WARN_BOOL_CONVERSION = YES;
				CLANG_WARN_CONSTANT_CONVERSION = YES;
				CLANG_WARN_DIRECT_OBJC_ISA_USAGE = YES_ERROR;
				CLANG_WARN_EMPTY_BODY = YES;
				CLANG_WARN_ENUM_CONVERSION = YES;
				CLANG_WARN_INT_CONVERSION = YES;
				CLANG_WARN_OBJC_ROOT_CLASS = YES_ERROR;
				CLANG_WARN_UNREACHABLE_CODE = YES;
				CLANG_WARN__DUPLICATE_METHOD_MATCH = YES;
				"CODE_SIGN_IDENTITY[sdk=iphoneos*]" = "iPhone Developer";
				COPY_PHASE_STRIP = NO;
				DEBUG_INFORMATION_FORMAT = "dwarf-with-dsym";
				ENABLE_NS_ASSERTIONS = NO;
				ENABLE_STRICT_OBJC_MSGSEND = YES;
				GCC_C_LANGUAGE_STANDARD = gnu99;
				GCC_NO_COMMON_BLOCKS = YES;
				GCC_WARN_64_TO_32_BIT_CONVERSION = YES;
				GCC_WARN_ABOUT_RETURN_TYPE = YES_ERROR;
				GCC_WARN_UNDECLARED_SELECTOR = YES;
				GCC_WARN_UNINITIALIZED_AUTOS = YES_AGGRESSIVE;
				GCC_WARN_UNUSED_FUNCTION = YES;
				GCC_WARN_UNUSED_VARIABLE = YES;
				IPHONEOS_DEPLOYMENT_TARGET = 9.3;
				MTL_ENABLE_DEBUG_INFO = NO;
				SDKROOT = iphoneos;
				TARGETED_DEVICE_FAMILY = "1,2";
				VALIDATE_PRODUCT = YES;
			};
			name = Release;
		};
		2E2CFC031D51D62D00520726 /* Debug */ = {
			isa = XCBuildConfiguration;
			buildSettings = {
				ASSETCATALOG_COMPILER_APPICON_NAME = AppIcon;
				INFOPLIST_FILE = itunes_lookup/Info.plist;
				LD_RUNPATH_SEARCH_PATHS = "$(inherited) @executable_path/Frameworks";
				PRODUCT_BUNDLE_IDENTIFIER = "com.michaelnienaber.itunes-lookup";
				PRODUCT_NAME = "$(TARGET_NAME)";
			};
			name = Debug;
		};
		2E2CFC041D51D62D00520726 /* Release */ = {
			isa = XCBuildConfiguration;
			buildSettings = {
				ASSETCATALOG_COMPILER_APPICON_NAME = AppIcon;
				INFOPLIST_FILE = itunes_lookup/Info.plist;
				LD_RUNPATH_SEARCH_PATHS = "$(inherited) @executable_path/Frameworks";
				PRODUCT_BUNDLE_IDENTIFIER = "com.michaelnienaber.itunes-lookup";
				PRODUCT_NAME = "$(TARGET_NAME)";
			};
			name = Release;
		};
		2E2CFC061D51D62D00520726 /* Debug */ = {
			isa = XCBuildConfiguration;
			buildSettings = {
				BUNDLE_LOADER = "$(TEST_HOST)";
				INFOPLIST_FILE = itunes_lookupTests/Info.plist;
				LD_RUNPATH_SEARCH_PATHS = "$(inherited) @executable_path/Frameworks @loader_path/Frameworks";
				PRODUCT_BUNDLE_IDENTIFIER = "com.michaelnienaber.itunes-lookupTests";
				PRODUCT_NAME = "$(TARGET_NAME)";
				TEST_HOST = "$(BUILT_PRODUCTS_DIR)/itunes_lookup.app/itunes_lookup";
			};
			name = Debug;
		};
		2E2CFC071D51D62D00520726 /* Release */ = {
			isa = XCBuildConfiguration;
			buildSettings = {
				BUNDLE_LOADER = "$(TEST_HOST)";
				INFOPLIST_FILE = itunes_lookupTests/Info.plist;
				LD_RUNPATH_SEARCH_PATHS = "$(inherited) @executable_path/Frameworks @loader_path/Frameworks";
				PRODUCT_BUNDLE_IDENTIFIER = "com.michaelnienaber.itunes-lookupTests";
				PRODUCT_NAME = "$(TARGET_NAME)";
				TEST_HOST = "$(BUILT_PRODUCTS_DIR)/itunes_lookup.app/itunes_lookup";
			};
			name = Release;
		};
		2E2CFC091D51D62D00520726 /* Debug */ = {
			isa = XCBuildConfiguration;
			buildSettings = {
				INFOPLIST_FILE = itunes_lookupUITests/Info.plist;
				LD_RUNPATH_SEARCH_PATHS = "$(inherited) @executable_path/Frameworks @loader_path/Frameworks";
				PRODUCT_BUNDLE_IDENTIFIER = "com.michaelnienaber.itunes-lookupUITests";
				PRODUCT_NAME = "$(TARGET_NAME)";
				TEST_TARGET_NAME = itunes_lookup;
			};
			name = Debug;
		};
		2E2CFC0A1D51D62D00520726 /* Release */ = {
			isa = XCBuildConfiguration;
			buildSettings = {
				INFOPLIST_FILE = itunes_lookupUITests/Info.plist;
				LD_RUNPATH_SEARCH_PATHS = "$(inherited) @executable_path/Frameworks @loader_path/Frameworks";
				PRODUCT_BUNDLE_IDENTIFIER = "com.michaelnienaber.itunes-lookupUITests";
				PRODUCT_NAME = "$(TARGET_NAME)";
				TEST_TARGET_NAME = itunes_lookup;
			};
			name = Release;
		};
/* End XCBuildConfiguration section */

/* Begin XCConfigurationList section */
		2E2CFBD21D51D62C00520726 /* Build configuration list for PBXProject "itunes_lookup" */ = {
			isa = XCConfigurationList;
			buildConfigurations = (
				2E2CFC001D51D62D00520726 /* Debug */,
				2E2CFC011D51D62D00520726 /* Release */,
			);
			defaultConfigurationIsVisible = 0;
			defaultConfigurationName = Release;
		};
		2E2CFC021D51D62D00520726 /* Build configuration list for PBXNativeTarget "itunes_lookup" */ = {
			isa = XCConfigurationList;
			buildConfigurations = (
				2E2CFC031D51D62D00520726 /* Debug */,
				2E2CFC041D51D62D00520726 /* Release */,
			);
			defaultConfigurationIsVisible = 0;
			defaultConfigurationName = Release;
		};
		2E2CFC051D51D62D00520726 /* Build configuration list for PBXNativeTarget "itunes_lookupTests" */ = {
			isa = XCConfigurationList;
			buildConfigurations = (
				2E2CFC061D51D62D00520726 /* Debug */,
				2E2CFC071D51D62D00520726 /* Release */,
			);
			defaultConfigurationIsVisible = 0;
			defaultConfigurationName = Release;
		};
		2E2CFC081D51D62D00520726 /* Build configuration list for PBXNativeTarget "itunes_lookupUITests" */ = {
			isa = XCConfigurationList;
			buildConfigurations = (
				2E2CFC091D51D62D00520726 /* Debug */,
				2E2CFC0A1D51D62D00520726 /* Release */,
			);
			defaultConfigurationIsVisible = 0;
			defaultConfigurationName = Release;
		};
/* End XCConfigurationList section */

/* Begin XCVersionGroup section */
		2E2CFBE11D51D62C00520726 /* itunes_lookup.xcdatamodeld */ = {
			isa = XCVersionGroup;
			children = (
				2E2CFBE21D51D62C00520726 /* itunes_lookup.xcdatamodel */,
			);
			currentVersion = 2E2CFBE21D51D62C00520726 /* itunes_lookup.xcdatamodel */;
			path = itunes_lookup.xcdatamodeld;
			sourceTree = "<group>";
			versionGroupType = wrapper.xcdatamodel;
		};
/* End XCVersionGroup section */
	};
	rootObject = 2E2CFBCF1D51D62C00520726 /* Project object */;
}
